
Microsoft Visual Studio Solution File, Format Version 12.00
# Visual Studio Version 16
VisualStudioVersion = 16.0.30002.166
MinimumVisualStudioVersion = 10.0.40219.1
Project("{9A19103F-16F7-4668-BE54-9A1E7A4F7556}") = "SubTask1-2", "Task5SysObject\SubTask1-2.csproj", "{3E54FFD4-2DBB-48BF-AB44-8A57CF29011B}"
EndProject
Project("{FAE04EC0-301F-11D3-BF4B-00C04F79EFBC}") = "SubTask3Complex", "SubTask3Complex\SubTask3Complex.csproj", "{71DBF222-8902-468D-96D8-BFF10DC058F9}"
EndProject
Project("{FAE04EC0-301F-11D3-BF4B-00C04F79EFBC}") = "SubTask3Complex.Tests", "SubTask3Complex.Tests\SubTask3Complex.Tests.csproj", "{16FCF319-1923-46D3-B5B7-79A0AEC57A02}"
EndProject
Global
	GlobalSection(SolutionConfigurationPlatforms) = preSolution
		Debug|Any CPU = Debug|Any CPU
		Release|Any CPU = Release|Any CPU
	EndGlobalSection
	GlobalSection(ProjectConfigurationPlatforms) = postSolution
		{3E54FFD4-2DBB-48BF-AB44-8A57CF29011B}.Debug|Any CPU.ActiveCfg = Debug|Any CPU
		{3E54FFD4-2DBB-48BF-AB44-8A57CF29011B}.Debug|Any CPU.Build.0 = Debug|Any CPU
		{3E54FFD4-2DBB-48BF-AB44-8A57CF29011B}.Release|Any CPU.ActiveCfg = Release|Any CPU
		{3E54FFD4-2DBB-48BF-AB44-8A57CF29011B}.Release|Any CPU.Build.0 = Release|Any CPU
		{71DBF222-8902-468D-96D8-BFF10DC058F9}.Debug|Any CPU.ActiveCfg = Debug|Any CPU
		{71DBF222-8902-468D-96D8-BFF10DC058F9}.Debug|Any CPU.Build.0 = Debug|Any CPU
		{71DBF222-8902-468D-96D8-BFF10DC058F9}.Release|Any CPU.ActiveCfg = Release|Any CPU
		{71DBF222-8902-468D-96D8-BFF10DC058F9}.Release|Any CPU.Build.0 = Release|Any CPU
		{16FCF319-1923-46D3-B5B7-79A0AEC57A02}.Debug|Any CPU.ActiveCfg = Debug|Any CPU
		{16FCF319-1923-46D3-B5B7-79A0AEC57A02}.Debug|Any CPU.Build.0 = Debug|Any CPU
		{16FCF319-1923-46D3-B5B7-79A0AEC57A02}.Release|Any CPU.ActiveCfg = Release|Any CPU
		{16FCF319-1923-46D3-B5B7-79A0AEC57A02}.Release|Any CPU.Build.0 = Release|Any CPU
	EndGlobalSection
	GlobalSection(SolutionProperties) = preSolution
		HideSolutionNode = FALSE
	EndGlobalSection
	GlobalSection(ExtensibilityGlobals) = postSolution
		SolutionGuid = {C215E03E-CFD3-46A5-88A3-ECB3C9B499A3}
	EndGlobalSection
EndGlobal
