
Microsoft Visual Studio Solution File, Format Version 12.00
# Visual Studio Version 16
VisualStudioVersion = 16.0.30225.117
MinimumVisualStudioVersion = 10.0.40219.1
Project("{FAE04EC0-301F-11D3-BF4B-00C04F79EFBC}") = "Task10DynamicCom", "Task10DynamicCom\Task10DynamicCom.csproj", "{AD3EF80D-E79B-4499-AE70-B95E594496CC}"
EndProject
Global
	GlobalSection(SolutionConfigurationPlatforms) = preSolution
		Debug|Any CPU = Debug|Any CPU
		Release|Any CPU = Release|Any CPU
	EndGlobalSection
	GlobalSection(ProjectConfigurationPlatforms) = postSolution
		{AD3EF80D-E79B-4499-AE70-B95E594496CC}.Debug|Any CPU.ActiveCfg = Debug|Any CPU
		{AD3EF80D-E79B-4499-AE70-B95E594496CC}.Debug|Any CPU.Build.0 = Debug|Any CPU
		{AD3EF80D-E79B-4499-AE70-B95E594496CC}.Release|Any CPU.ActiveCfg = Release|Any CPU
		{AD3EF80D-E79B-4499-AE70-B95E594496CC}.Release|Any CPU.Build.0 = Release|Any CPU
	EndGlobalSection
	GlobalSection(SolutionProperties) = preSolution
		HideSolutionNode = FALSE
	EndGlobalSection
	GlobalSection(ExtensibilityGlobals) = postSolution
		SolutionGuid = {BCB01A2F-9B53-43F9-9DBA-C7AD2071A1B8}
	EndGlobalSection
EndGlobal
