
Microsoft Visual Studio Solution File, Format Version 12.00
# Visual Studio Version 16
VisualStudioVersion = 16.0.30002.166
MinimumVisualStudioVersion = 10.0.40219.1
Project("{9A19103F-16F7-4668-BE54-9A1E7A4F7556}") = "Task3OOP", "Task3OOP\Task3OOP.csproj", "{693B67A4-4C21-4284-9D70-A37D886FFA3C}"
EndProject
Project("{FAE04EC0-301F-11D3-BF4B-00C04F79EFBC}") = "Task3OOP.Tests", "Task3OOP.Tests\Task3OOP.Tests.csproj", "{9A1CD08E-70D9-436F-920F-245969E30589}"
EndProject
Global
	GlobalSection(SolutionConfigurationPlatforms) = preSolution
		Debug|Any CPU = Debug|Any CPU
		Release|Any CPU = Release|Any CPU
	EndGlobalSection
	GlobalSection(ProjectConfigurationPlatforms) = postSolution
		{693B67A4-4C21-4284-9D70-A37D886FFA3C}.Debug|Any CPU.ActiveCfg = Debug|Any CPU
		{693B67A4-4C21-4284-9D70-A37D886FFA3C}.Debug|Any CPU.Build.0 = Debug|Any CPU
		{693B67A4-4C21-4284-9D70-A37D886FFA3C}.Release|Any CPU.ActiveCfg = Release|Any CPU
		{693B67A4-4C21-4284-9D70-A37D886FFA3C}.Release|Any CPU.Build.0 = Release|Any CPU
		{9A1CD08E-70D9-436F-920F-245969E30589}.Debug|Any CPU.ActiveCfg = Debug|Any CPU
		{9A1CD08E-70D9-436F-920F-245969E30589}.Debug|Any CPU.Build.0 = Debug|Any CPU
		{9A1CD08E-70D9-436F-920F-245969E30589}.Release|Any CPU.ActiveCfg = Release|Any CPU
		{9A1CD08E-70D9-436F-920F-245969E30589}.Release|Any CPU.Build.0 = Release|Any CPU
	EndGlobalSection
	GlobalSection(SolutionProperties) = preSolution
		HideSolutionNode = FALSE
	EndGlobalSection
	GlobalSection(ExtensibilityGlobals) = postSolution
		SolutionGuid = {9739A539-924B-4165-A30E-E47BE26C8147}
	EndGlobalSection
EndGlobal
