
Microsoft Visual Studio Solution File, Format Version 12.00
# Visual Studio Version 16
VisualStudioVersion = 16.0.30002.166
MinimumVisualStudioVersion = 10.0.40219.1
Project("{FAE04EC0-301F-11D3-BF4B-00C04F79EFBC}") = "Task2DNetArchitecture", "Task2DNetArchitecture\Task2DNetArchitecture.csproj", "{B802A39F-E767-49BB-95FC-42B15F6BAABA}"
EndProject
Global
	GlobalSection(SolutionConfigurationPlatforms) = preSolution
		Debug|Any CPU = Debug|Any CPU
		Release|Any CPU = Release|Any CPU
	EndGlobalSection
	GlobalSection(ProjectConfigurationPlatforms) = postSolution
		{B802A39F-E767-49BB-95FC-42B15F6BAABA}.Debug|Any CPU.ActiveCfg = Debug|Any CPU
		{B802A39F-E767-49BB-95FC-42B15F6BAABA}.Debug|Any CPU.Build.0 = Debug|Any CPU
		{B802A39F-E767-49BB-95FC-42B15F6BAABA}.Release|Any CPU.ActiveCfg = Release|Any CPU
		{B802A39F-E767-49BB-95FC-42B15F6BAABA}.Release|Any CPU.Build.0 = Release|Any CPU
	EndGlobalSection
	GlobalSection(SolutionProperties) = preSolution
		HideSolutionNode = FALSE
	EndGlobalSection
	GlobalSection(ExtensibilityGlobals) = postSolution
		SolutionGuid = {E0342C62-DEC8-4388-8E5A-F489F63AA436}
	EndGlobalSection
EndGlobal
