
Microsoft Visual Studio Solution File, Format Version 12.00
# Visual Studio Version 16
VisualStudioVersion = 16.0.30225.117
MinimumVisualStudioVersion = 10.0.40219.1
Project("{FAE04EC0-301F-11D3-BF4B-00C04F79EFBC}") = "Task11Linq", "Task11Linq\Task11Linq.csproj", "{915764CB-0D3F-4FE7-8134-092C402E2D11}"
EndProject
Project("{9A19103F-16F7-4668-BE54-9A1E7A4F7556}") = "SubTask4", "..\Task8\StringEnumerator\SubTask4.csproj", "{BB9C37B8-265F-43C8-8C5C-0BC430A3A3FF}"
EndProject
Global
	GlobalSection(SolutionConfigurationPlatforms) = preSolution
		Debug|Any CPU = Debug|Any CPU
		Release|Any CPU = Release|Any CPU
	EndGlobalSection
	GlobalSection(ProjectConfigurationPlatforms) = postSolution
		{915764CB-0D3F-4FE7-8134-092C402E2D11}.Debug|Any CPU.ActiveCfg = Debug|Any CPU
		{915764CB-0D3F-4FE7-8134-092C402E2D11}.Debug|Any CPU.Build.0 = Debug|Any CPU
		{915764CB-0D3F-4FE7-8134-092C402E2D11}.Release|Any CPU.ActiveCfg = Release|Any CPU
		{915764CB-0D3F-4FE7-8134-092C402E2D11}.Release|Any CPU.Build.0 = Release|Any CPU
		{BB9C37B8-265F-43C8-8C5C-0BC430A3A3FF}.Debug|Any CPU.ActiveCfg = Debug|Any CPU
		{BB9C37B8-265F-43C8-8C5C-0BC430A3A3FF}.Debug|Any CPU.Build.0 = Debug|Any CPU
		{BB9C37B8-265F-43C8-8C5C-0BC430A3A3FF}.Release|Any CPU.ActiveCfg = Release|Any CPU
		{BB9C37B8-265F-43C8-8C5C-0BC430A3A3FF}.Release|Any CPU.Build.0 = Release|Any CPU
	EndGlobalSection
	GlobalSection(SolutionProperties) = preSolution
		HideSolutionNode = FALSE
	EndGlobalSection
	GlobalSection(ExtensibilityGlobals) = postSolution
		SolutionGuid = {8127C52C-670A-4E11-A007-388A3ED769DB}
	EndGlobalSection
EndGlobal
